// !$*UTF8*$!
{
	archiveVersion = 1;
	classes = {
	};
	objectVersion = 50;
	objects = {

/* Begin PBXBuildFile section */
		08540ABB20AA07D8000655DA /* SignUpViewController.swift in Sources */ = {isa = PBXBuildFile; fileRef = 08540ABA20AA07D8000655DA /* SignUpViewController.swift */; };
		08540ABD20AA0805000655DA /* ApplicationViewController.swift in Sources */ = {isa = PBXBuildFile; fileRef = 08540ABC20AA0805000655DA /* ApplicationViewController.swift */; };
		08B08CB420A9FA9800C321A3 /* AppDelegate.swift in Sources */ = {isa = PBXBuildFile; fileRef = 08B08CB320A9FA9800C321A3 /* AppDelegate.swift */; };
		08B08CB620A9FA9800C321A3 /* ViewController.swift in Sources */ = {isa = PBXBuildFile; fileRef = 08B08CB520A9FA9800C321A3 /* ViewController.swift */; };
		08B08CB920A9FA9800C321A3 /* Main.storyboard in Resources */ = {isa = PBXBuildFile; fileRef = 08B08CB720A9FA9800C321A3 /* Main.storyboard */; };
		08B08CBB20A9FA9900C321A3 /* Assets.xcassets in Resources */ = {isa = PBXBuildFile; fileRef = 08B08CBA20A9FA9900C321A3 /* Assets.xcassets */; };
		08B08CBE20A9FA9900C321A3 /* LaunchScreen.storyboard in Resources */ = {isa = PBXBuildFile; fileRef = 08B08CBC20A9FA9900C321A3 /* LaunchScreen.storyboard */; };
		08B08CC920A9FA9A00C321A3 /* MobileAPITests.swift in Sources */ = {isa = PBXBuildFile; fileRef = 08B08CC820A9FA9A00C321A3 /* MobileAPITests.swift */; };
/* End PBXBuildFile section */

/* Begin PBXContainerItemProxy section */
		08B08CC520A9FA9A00C321A3 /* PBXContainerItemProxy */ = {
			isa = PBXContainerItemProxy;
			containerPortal = 08B08CA820A9FA9800C321A3 /* Project object */;
			proxyType = 1;
			remoteGlobalIDString = 08B08CAF20A9FA9800C321A3;
			remoteInfo = MobileAPI;
		};
/* End PBXContainerItemProxy section */

/* Begin PBXFileReference section */
		08540ABA20AA07D8000655DA /* SignUpViewController.swift */ = {isa = PBXFileReference; lastKnownFileType = sourcecode.swift; path = SignUpViewController.swift; sourceTree = "<group>"; };
		08540ABC20AA0805000655DA /* ApplicationViewController.swift */ = {isa = PBXFileReference; lastKnownFileType = sourcecode.swift; path = ApplicationViewController.swift; sourceTree = "<group>"; };
		08B08CB020A9FA9800C321A3 /* MobileAPI.app */ = {isa = PBXFileReference; explicitFileType = wrapper.application; includeInIndex = 0; path = MobileAPI.app; sourceTree = BUILT_PRODUCTS_DIR; };
		08B08CB320A9FA9800C321A3 /* AppDelegate.swift */ = {isa = PBXFileReference; lastKnownFileType = sourcecode.swift; path = AppDelegate.swift; sourceTree = "<group>"; };
		08B08CB520A9FA9800C321A3 /* ViewController.swift */ = {isa = PBXFileReference; lastKnownFileType = sourcecode.swift; path = ViewController.swift; sourceTree = "<group>"; };
		08B08CB820A9FA9800C321A3 /* Base */ = {isa = PBXFileReference; lastKnownFileType = file.storyboard; name = Base; path = Base.lproj/Main.storyboard; sourceTree = "<group>"; };
		08B08CBA20A9FA9900C321A3 /* Assets.xcassets */ = {isa = PBXFileReference; lastKnownFileType = folder.assetcatalog; path = Assets.xcassets; sourceTree = "<group>"; };
		08B08CBD20A9FA9900C321A3 /* Base */ = {isa = PBXFileReference; lastKnownFileType = file.storyboard; name = Base; path = Base.lproj/LaunchScreen.storyboard; sourceTree = "<group>"; };
		08B08CBF20A9FA9A00C321A3 /* Info.plist */ = {isa = PBXFileReference; lastKnownFileType = text.plist.xml; path = Info.plist; sourceTree = "<group>"; };
		08B08CC420A9FA9A00C321A3 /* MobileAPITests.xctest */ = {isa = PBXFileReference; explicitFileType = wrapper.cfbundle; includeInIndex = 0; path = MobileAPITests.xctest; sourceTree = BUILT_PRODUCTS_DIR; };
		08B08CC820A9FA9A00C321A3 /* MobileAPITests.swift */ = {isa = PBXFileReference; lastKnownFileType = sourcecode.swift; path = MobileAPITests.swift; sourceTree = "<group>"; };
		08B08CCA20A9FA9A00C321A3 /* Info.plist */ = {isa = PBXFileReference; lastKnownFileType = text.plist.xml; path = Info.plist; sourceTree = "<group>"; };
/* End PBXFileReference section */

/* Begin PBXFrameworksBuildPhase section */
		08B08CAD20A9FA9800C321A3 /* Frameworks */ = {
			isa = PBXFrameworksBuildPhase;
			buildActionMask = 2147483647;
			files = (
			);
			runOnlyForDeploymentPostprocessing = 0;
		};
		08B08CC120A9FA9A00C321A3 /* Frameworks */ = {
			isa = PBXFrameworksBuildPhase;
			buildActionMask = 2147483647;
			files = (
			);
			runOnlyForDeploymentPostprocessing = 0;
		};
/* End PBXFrameworksBuildPhase section */

/* Begin PBXGroup section */
		08B08CA720A9FA9800C321A3 = {
			isa = PBXGroup;
			children = (
				08B08CB220A9FA9800C321A3 /* MobileAPI */,
				08B08CC720A9FA9A00C321A3 /* MobileAPITests */,
				08B08CB120A9FA9800C321A3 /* Products */,
			);
			sourceTree = "<group>";
		};
		08B08CB120A9FA9800C321A3 /* Products */ = {
			isa = PBXGroup;
			children = (
				08B08CB020A9FA9800C321A3 /* MobileAPI.app */,
				08B08CC420A9FA9A00C321A3 /* MobileAPITests.xctest */,
			);
			name = Products;
			sourceTree = "<group>";
		};
		08B08CB220A9FA9800C321A3 /* MobileAPI */ = {
			isa = PBXGroup;
			children = (
				08B08CB320A9FA9800C321A3 /* AppDelegate.swift */,
				08B08CB520A9FA9800C321A3 /* ViewController.swift */,
				08B08CB720A9FA9800C321A3 /* Main.storyboard */,
				08B08CBA20A9FA9900C321A3 /* Assets.xcassets */,
				08B08CBC20A9FA9900C321A3 /* LaunchScreen.storyboard */,
				08B08CBF20A9FA9A00C321A3 /* Info.plist */,
				08540ABA20AA07D8000655DA /* SignUpViewController.swift */,
				08540ABC20AA0805000655DA /* ApplicationViewController.swift */,
			);
			path = MobileAPI;
			sourceTree = "<group>";
		};
		08B08CC720A9FA9A00C321A3 /* MobileAPITests */ = {
			isa = PBXGroup;
			children = (
				08B08CC820A9FA9A00C321A3 /* MobileAPITests.swift */,
				08B08CCA20A9FA9A00C321A3 /* Info.plist */,
			);
			path = MobileAPITests;
			sourceTree = "<group>";
		};
/* End PBXGroup section */

/* Begin PBXNativeTarget section */
		08B08CAF20A9FA9800C321A3 /* MobileAPI */ = {
			isa = PBXNativeTarget;
			buildConfigurationList = 08B08CCD20A9FA9A00C321A3 /* Build configuration list for PBXNativeTarget "MobileAPI" */;
			buildPhases = (
				08B08CAC20A9FA9800C321A3 /* Sources */,
				08B08CAD20A9FA9800C321A3 /* Frameworks */,
				08B08CAE20A9FA9800C321A3 /* Resources */,
			);
			buildRules = (
			);
			dependencies = (
			);
			name = MobileAPI;
			productName = MobileAPI;
			productReference = 08B08CB020A9FA9800C321A3 /* MobileAPI.app */;
			productType = "com.apple.product-type.application";
		};
		08B08CC320A9FA9A00C321A3 /* MobileAPITests */ = {
			isa = PBXNativeTarget;
			buildConfigurationList = 08B08CD020A9FA9A00C321A3 /* Build configuration list for PBXNativeTarget "MobileAPITests" */;
			buildPhases = (
				08B08CC020A9FA9A00C321A3 /* Sources */,
				08B08CC120A9FA9A00C321A3 /* Frameworks */,
				08B08CC220A9FA9A00C321A3 /* Resources */,
			);
			buildRules = (
			);
			dependencies = (
				08B08CC620A9FA9A00C321A3 /* PBXTargetDependency */,
			);
			name = MobileAPITests;
			productName = MobileAPITests;
			productReference = 08B08CC420A9FA9A00C321A3 /* MobileAPITests.xctest */;
			productType = "com.apple.product-type.bundle.unit-test";
		};
/* End PBXNativeTarget section */

/* Begin PBXProject section */
		08B08CA820A9FA9800C321A3 /* Project object */ = {
			isa = PBXProject;
			attributes = {
				LastSwiftUpdateCheck = 0930;
				LastUpgradeCheck = 0930;
				ORGANIZATIONNAME = DUBTEL;
				TargetAttributes = {
					08B08CAF20A9FA9800C321A3 = {
						CreatedOnToolsVersion = 9.3.1;
					};
					08B08CC320A9FA9A00C321A3 = {
						CreatedOnToolsVersion = 9.3.1;
						TestTargetID = 08B08CAF20A9FA9800C321A3;
					};
				};
			};
			buildConfigurationList = 08B08CAB20A9FA9800C321A3 /* Build configuration list for PBXProject "MobileAPI" */;
			compatibilityVersion = "Xcode 9.3";
			developmentRegion = en;
			hasScannedForEncodings = 0;
			knownRegions = (
				en,
				Base,
			);
			mainGroup = 08B08CA720A9FA9800C321A3;
			productRefGroup = 08B08CB120A9FA9800C321A3 /* Products */;
			projectDirPath = "";
			projectRoot = "";
			targets = (
				08B08CAF20A9FA9800C321A3 /* MobileAPI */,
				08B08CC320A9FA9A00C321A3 /* MobileAPITests */,
			);
		};
/* End PBXProject section */

/* Begin PBXResourcesBuildPhase section */
		08B08CAE20A9FA9800C321A3 /* Resources */ = {
			isa = PBXResourcesBuildPhase;
			buildActionMask = 2147483647;
			files = (
				08B08CBE20A9FA9900C321A3 /* LaunchScreen.storyboard in Resources */,
				08B08CBB20A9FA9900C321A3 /* Assets.xcassets in Resources */,
				08B08CB920A9FA9800C321A3 /* Main.storyboard in Resources */,
			);
			runOnlyForDeploymentPostprocessing = 0;
		};
		08B08CC220A9FA9A00C321A3 /* Resources */ = {
			isa = PBXResourcesBuildPhase;
			buildActionMask = 2147483647;
			files = (
			);
			runOnlyForDeploymentPostprocessing = 0;
		};
/* End PBXResourcesBuildPhase section */

/* Begin PBXSourcesBuildPhase section */
		08B08CAC20A9FA9800C321A3 /* Sources */ = {
			isa = PBXSourcesBuildPhase;
			buildActionMask = 2147483647;
			files = (
				08540ABB20AA07D8000655DA /* SignUpViewController.swift in Sources */,
				08540ABD20AA0805000655DA /* ApplicationViewController.swift in Sources */,
				08B08CB620A9FA9800C321A3 /* ViewController.swift in Sources */,
				08B08CB420A9FA9800C321A3 /* AppDelegate.swift in Sources */,
			);
			runOnlyForDeploymentPostprocessing = 0;
		};
		08B08CC020A9FA9A00C321A3 /* Sources */ = {
			isa = PBXSourcesBuildPhase;
			buildActionMask = 2147483647;
			files = (
				08B08CC920A9FA9A00C321A3 /* MobileAPITests.swift in Sources */,
			);
			runOnlyForDeploymentPostprocessing = 0;
		};
/* End PBXSourcesBuildPhase section */

/* Begin PBXTargetDependency section */
		08B08CC620A9FA9A00C321A3 /* PBXTargetDependency */ = {
			isa = PBXTargetDependency;
			target = 08B08CAF20A9FA9800C321A3 /* MobileAPI */;
			targetProxy = 08B08CC520A9FA9A00C321A3 /* PBXContainerItemProxy */;
		};
/* End PBXTargetDependency section */

/* Begin PBXVariantGroup section */
		08B08CB720A9FA9800C321A3 /* Main.storyboard */ = {
			isa = PBXVariantGroup;
			children = (
				08B08CB820A9FA9800C321A3 /* Base */,
			);
			name = Main.storyboard;
			sourceTree = "<group>";
		};
		08B08CBC20A9FA9900C321A3 /* LaunchScreen.storyboard */ = {
			isa = PBXVariantGroup;
			children = (
				08B08CBD20A9FA9900C321A3 /* Base */,
			);
			name = LaunchScreen.storyboard;
			sourceTree = "<group>";
		};
/* End PBXVariantGroup section */

/* Begin XCBuildConfiguration section */
		08B08CCB20A9FA9A00C321A3 /* Debug */ = {
			isa = XCBuildConfiguration;
			buildSettings = {
				ALWAYS_SEARCH_USER_PATHS = NO;
				CLANG_ANALYZER_NONNULL = YES;
				CLANG_ANALYZER_NUMBER_OBJECT_CONVERSION = YES_AGGRESSIVE;
				CLANG_CXX_LANGUAGE_STANDARD = "gnu++14";
				CLANG_CXX_LIBRARY = "libc++";
				CLANG_ENABLE_MODULES = YES;
				CLANG_ENABLE_OBJC_ARC = YES;
				CLANG_ENABLE_OBJC_WEAK = YES;
				CLANG_WARN_BLOCK_CAPTURE_AUTORELEASING = YES;
				CLANG_WARN_BOOL_CONVERSION = YES;
				CLANG_WARN_COMMA = YES;
				CLANG_WARN_CONSTANT_CONVERSION = YES;
				CLANG_WARN_DEPRECATED_OBJC_IMPLEMENTATIONS = YES;
				CLANG_WARN_DIRECT_OBJC_ISA_USAGE = YES_ERROR;
				CLANG_WARN_DOCUMENTATION_COMMENTS = YES;
				CLANG_WARN_EMPTY_BODY = YES;
				CLANG_WARN_ENUM_CONVERSION = YES;
				CLANG_WARN_INFINITE_RECURSION = YES;
				CLANG_WARN_INT_CONVERSION = YES;
				CLANG_WARN_NON_LITERAL_NULL_CONVERSION = YES;
				CLANG_WARN_OBJC_IMPLICIT_RETAIN_SELF = YES;
				CLANG_WARN_OBJC_LITERAL_CONVERSION = YES;
				CLANG_WARN_OBJC_ROOT_CLASS = YES_ERROR;
				CLANG_WARN_RANGE_LOOP_ANALYSIS = YES;
				CLANG_WARN_STRICT_PROTOTYPES = YES;
				CLANG_WARN_SUSPICIOUS_MOVE = YES;
				CLANG_WARN_UNGUARDED_AVAILABILITY = YES_AGGRESSIVE;
				CLANG_WARN_UNREACHABLE_CODE = YES;
				CLANG_WARN__DUPLICATE_METHOD_MATCH = YES;
				CODE_SIGN_IDENTITY = "iPhone Developer";
				COPY_PHASE_STRIP = NO;
				DEBUG_INFORMATION_FORMAT = dwarf;
				ENABLE_STRICT_OBJC_MSGSEND = YES;
				ENABLE_TESTABILITY = YES;
				GCC_C_LANGUAGE_STANDARD = gnu11;
				GCC_DYNAMIC_NO_PIC = NO;
				GCC_NO_COMMON_BLOCKS = YES;
				GCC_OPTIMIZATION_LEVEL = 0;
				GCC_PREPROCESSOR_DEFINITIONS = (
					"DEBUG=1",
					"$(inherited)",
				);
				GCC_WARN_64_TO_32_BIT_CONVERSION = YES;
				GCC_WARN_ABOUT_RETURN_TYPE = YES_ERROR;
				GCC_WARN_UNDECLARED_SELECTOR = YES;
				GCC_WARN_UNINITIALIZED_AUTOS = YES_AGGRESSIVE;
				GCC_WARN_UNUSED_FUNCTION = YES;
				GCC_WARN_UNUSED_VARIABLE = YES;
				IPHONEOS_DEPLOYMENT_TARGET = 11.3;
				MTL_ENABLE_DEBUG_INFO = YES;
				ONLY_ACTIVE_ARCH = YES;
				SDKROOT = iphoneos;
				SWIFT_ACTIVE_COMPILATION_CONDITIONS = DEBUG;
				SWIFT_OPTIMIZATION_LEVEL = "-Onone";
			};
			name = Debug;
		};
		08B08CCC20A9FA9A00C321A3 /* Release */ = {
			isa = XCBuildConfiguration;
			buildSettings = {
				ALWAYS_SEARCH_USER_PATHS = NO;
				CLANG_ANALYZER_NONNULL = YES;
				CLANG_ANALYZER_NUMBER_OBJECT_CONVERSION = YES_AGGRESSIVE;
				CLANG_CXX_LANGUAGE_STANDARD = "gnu++14";
				CLANG_CXX_LIBRARY = "libc++";
				CLANG_ENABLE_MODULES = YES;
				CLANG_ENABLE_OBJC_ARC = YES;
				CLANG_ENABLE_OBJC_WEAK = YES;
				CLANG_WARN_BLOCK_CAPTURE_AUTORELEASING = YES;
				CLANG_WARN_BOOL_CONVERSION = YES;
				CLANG_WARN_COMMA = YES;
				CLANG_WARN_CONSTANT_CONVERSION = YES;
				CLANG_WARN_DEPRECATED_OBJC_IMPLEMENTATIONS = YES;
				CLANG_WARN_DIRECT_OBJC_ISA_USAGE = YES_ERROR;
				CLANG_WARN_DOCUMENTATION_COMMENTS = YES;
				CLANG_WARN_EMPTY_BODY = YES;
				CLANG_WARN_ENUM_CONVERSION = YES;
				CLANG_WARN_INFINITE_RECURSION = YES;
				CLANG_WARN_INT_CONVERSION = YES;
				CLANG_WARN_NON_LITERAL_NULL_CONVERSION = YES;
				CLANG_WARN_OBJC_IMPLICIT_RETAIN_SELF = YES;
				CLANG_WARN_OBJC_LITERAL_CONVERSION = YES;
				CLANG_WARN_OBJC_ROOT_CLASS = YES_ERROR;
				CLANG_WARN_RANGE_LOOP_ANALYSIS = YES;
				CLANG_WARN_STRICT_PROTOTYPES = YES;
				CLANG_WARN_SUSPICIOUS_MOVE = YES;
				CLANG_WARN_UNGUARDED_AVAILABILITY = YES_AGGRESSIVE;
				CLANG_WARN_UNREACHABLE_CODE = YES;
				CLANG_WARN__DUPLICATE_METHOD_MATCH = YES;
				CODE_SIGN_IDENTITY = "iPhone Developer";
				COPY_PHASE_STRIP = NO;
				DEBUG_INFORMATION_FORMAT = "dwarf-with-dsym";
				ENABLE_NS_ASSERTIONS = NO;
				ENABLE_STRICT_OBJC_MSGSEND = YES;
				GCC_C_LANGUAGE_STANDARD = gnu11;
				GCC_NO_COMMON_BLOCKS = YES;
				GCC_WARN_64_TO_32_BIT_CONVERSION = YES;
				GCC_WARN_ABOUT_RETURN_TYPE = YES_ERROR;
				GCC_WARN_UNDECLARED_SELECTOR = YES;
				GCC_WARN_UNINITIALIZED_AUTOS = YES_AGGRESSIVE;
				GCC_WARN_UNUSED_FUNCTION = YES;
				GCC_WARN_UNUSED_VARIABLE = YES;
				IPHONEOS_DEPLOYMENT_TARGET = 11.3;
				MTL_ENABLE_DEBUG_INFO = NO;
				SDKROOT = iphoneos;
				SWIFT_COMPILATION_MODE = wholemodule;
				SWIFT_OPTIMIZATION_LEVEL = "-O";
				VALIDATE_PRODUCT = YES;
			};
			name = Release;
		};
		08B08CCE20A9FA9A00C321A3 /* Debug */ = {
			isa = XCBuildConfiguration;
			buildSettings = {
				ASSETCATALOG_COMPILER_APPICON_NAME = AppIcon;
				CODE_SIGN_STYLE = Automatic;
				DEVELOPMENT_TEAM = 457Y6A548A;
				INFOPLIST_FILE = MobileAPI/Info.plist;
				LD_RUNPATH_SEARCH_PATHS = (
					"$(inherited)",
					"@executable_path/Frameworks",
				);
				PRODUCT_BUNDLE_IDENTIFIER = com.DUBTEL.MobileAPI;
				PRODUCT_NAME = "$(TARGET_NAME)";
				SWIFT_VERSION = 4.0;
				TARGETED_DEVICE_FAMILY = 1;
			};
			name = Debug;
		};
		08B08CCF20A9FA9A00C321A3 /* Release */ = {
			isa = XCBuildConfiguration;
			buildSettings = {
				ASSETCATALOG_COMPILER_APPICON_NAME = AppIcon;
				CODE_SIGN_STYLE = Automatic;
				DEVELOPMENT_TEAM = 457Y6A548A;
				INFOPLIST_FILE = MobileAPI/Info.plist;
				LD_RUNPATH_SEARCH_PATHS = (
					"$(inherited)",
					"@executable_path/Frameworks",
				);
				PRODUCT_BUNDLE_IDENTIFIER = com.DUBTEL.MobileAPI;
				PRODUCT_NAME = "$(TARGET_NAME)";
				SWIFT_VERSION = 4.0;
				TARGETED_DEVICE_FAMILY = 1;
			};
			name = Release;
		};
		08B08CD120A9FA9A00C321A3 /* Debug */ = {
			isa = XCBuildConfiguration;
			buildSettings = {
				ALWAYS_EMBED_SWIFT_STANDARD_LIBRARIES = YES;
				BUNDLE_LOADER = "$(TEST_HOST)";
				CODE_SIGN_STYLE = Automatic;
				DEVELOPMENT_TEAM = 457Y6A548A;
				INFOPLIST_FILE = MobileAPITests/Info.plist;
				LD_RUNPATH_SEARCH_PATHS = (
					"$(inherited)",
					"@executable_path/Frameworks",
					"@loader_path/Frameworks",
				);
				PRODUCT_BUNDLE_IDENTIFIER = com.DUBTEL.MobileAPITests;
				PRODUCT_NAME = "$(TARGET_NAME)";
				SWIFT_VERSION = 4.0;
				TARGETED_DEVICE_FAMILY = "1,2";
				TEST_HOST = "$(BUILT_PRODUCTS_DIR)/MobileAPI.app/MobileAPI";
			};
			name = Debug;
		};
		08B08CD220A9FA9A00C321A3 /* Release */ = {
			isa = XCBuildConfiguration;
			buildSettings = {
				ALWAYS_EMBED_SWIFT_STANDARD_LIBRARIES = YES;
				BUNDLE_LOADER = "$(TEST_HOST)";
				CODE_SIGN_STYLE = Automatic;
				DEVELOPMENT_TEAM = 457Y6A548A;
				INFOPLIST_FILE = MobileAPITests/Info.plist;
				LD_RUNPATH_SEARCH_PATHS = (
					"$(inherited)",
					"@executable_path/Frameworks",
					"@loader_path/Frameworks",
				);
				PRODUCT_BUNDLE_IDENTIFIER = com.DUBTEL.MobileAPITests;
				PRODUCT_NAME = "$(TARGET_NAME)";
				SWIFT_VERSION = 4.0;
				TARGETED_DEVICE_FAMILY = "1,2";
				TEST_HOST = "$(BUILT_PRODUCTS_DIR)/MobileAPI.app/MobileAPI";
			};
			name = Release;
		};
/* End XCBuildConfiguration section */

/* Begin XCConfigurationList section */
		08B08CAB20A9FA9800C321A3 /* Build configuration list for PBXProject "MobileAPI" */ = {
			isa = XCConfigurationList;
			buildConfigurations = (
				08B08CCB20A9FA9A00C321A3 /* Debug */,
				08B08CCC20A9FA9A00C321A3 /* Release */,
			);
			defaultConfigurationIsVisible = 0;
			defaultConfigurationName = Release;
		};
		08B08CCD20A9FA9A00C321A3 /* Build configuration list for PBXNativeTarget "MobileAPI" */ = {
			isa = XCConfigurationList;
			buildConfigurations = (
				08B08CCE20A9FA9A00C321A3 /* Debug */,
				08B08CCF20A9FA9A00C321A3 /* Release */,
			);
			defaultConfigurationIsVisible = 0;
			defaultConfigurationName = Release;
		};
		08B08CD020A9FA9A00C321A3 /* Build configuration list for PBXNativeTarget "MobileAPITests" */ = {
			isa = XCConfigurationList;
			buildConfigurations = (
				08B08CD120A9FA9A00C321A3 /* Debug */,
				08B08CD220A9FA9A00C321A3 /* Release */,
			);
			defaultConfigurationIsVisible = 0;
			defaultConfigurationName = Release;
		};
/* End XCConfigurationList section */
	};
	rootObject = 08B08CA820A9FA9800C321A3 /* Project object */;
}
